// !$*UTF8*$!
{
	archiveVersion = 1;
	classes = {
	};
	objectVersion = 56;
	objects = {

/* Begin PBXBuildFile section */
		852E6E3B2A9ED617001199D6 /* Container.swift in Sources */ = {isa = PBXBuildFile; fileRef = 852E6E3A2A9ED617001199D6 /* Container.swift */; };
		852E6E402A9EE228001199D6 /* BottomCarousel.swift in Sources */ = {isa = PBXBuildFile; fileRef = 852E6E3F2A9EE228001199D6 /* BottomCarousel.swift */; };
		85816E522A7972940063E652 /* MV_ProjectApp.swift in Sources */ = {isa = PBXBuildFile; fileRef = 85816E512A7972940063E652 /* MV_ProjectApp.swift */; };
		85816E562A7972950063E652 /* Assets.xcassets in Resources */ = {isa = PBXBuildFile; fileRef = 85816E552A7972950063E652 /* Assets.xcassets */; };
		85816E5A2A7972950063E652 /* Preview Assets.xcassets in Resources */ = {isa = PBXBuildFile; fileRef = 85816E592A7972950063E652 /* Preview Assets.xcassets */; };
		85816E7B2A797ED90063E652 /* NetworkConstantsProtocol.swift in Sources */ = {isa = PBXBuildFile; fileRef = 85816E782A797ED90063E652 /* NetworkConstantsProtocol.swift */; };
		85816E7C2A797ED90063E652 /* NetworkConstants.swift in Sources */ = {isa = PBXBuildFile; fileRef = 85816E7A2A797ED90063E652 /* NetworkConstants.swift */; };
		8595B0112A993D6D004BFD95 /* WebViewWindow.swift in Sources */ = {isa = PBXBuildFile; fileRef = 8595B0102A993D6D004BFD95 /* WebViewWindow.swift */; };
		8595B0142A996CCF004BFD95 /* StatsView.swift in Sources */ = {isa = PBXBuildFile; fileRef = 8595B0132A996CCF004BFD95 /* StatsView.swift */; };
		8595B0162A9D7AC8004BFD95 /* DObject.swift in Sources */ = {isa = PBXBuildFile; fileRef = 8595B0152A9D7AC8004BFD95 /* DObject.swift */; };
		85B02D672A9E777000E7231A /* Brazil-T-Shirt.usdz in Resources */ = {isa = PBXBuildFile; fileRef = 85B02D662A9E777000E7231A /* Brazil-T-Shirt.usdz */; };
		85B02D692A9E809F00E7231A /* ImmersiveView.swift in Sources */ = {isa = PBXBuildFile; fileRef = 85B02D682A9E809F00E7231A /* ImmersiveView.swift */; };
		85D37F1B2A9F9F3D00F2D285 /* Golden_Trophy.usdz in Resources */ = {isa = PBXBuildFile; fileRef = 85D37F1A2A9F9F3D00F2D285 /* Golden_Trophy.usdz */; };
		85D422542AA1089F006E79AE /* WindowModifier.swift in Sources */ = {isa = PBXBuildFile; fileRef = 85D422532AA1089F006E79AE /* WindowModifier.swift */; };
/* End PBXBuildFile section */

/* Begin PBXFileReference section */
		852E6E3A2A9ED617001199D6 /* Container.swift */ = {isa = PBXFileReference; lastKnownFileType = sourcecode.swift; path = Container.swift; sourceTree = "<group>"; };
		852E6E3F2A9EE228001199D6 /* BottomCarousel.swift */ = {isa = PBXFileReference; lastKnownFileType = sourcecode.swift; path = BottomCarousel.swift; sourceTree = "<group>"; };
		85816E4E2A7972940063E652 /* MV-VisionPro.app */ = {isa = PBXFileReference; explicitFileType = wrapper.application; includeInIndex = 0; path = "MV-VisionPro.app"; sourceTree = BUILT_PRODUCTS_DIR; };
		85816E512A7972940063E652 /* MV_ProjectApp.swift */ = {isa = PBXFileReference; lastKnownFileType = sourcecode.swift; path = MV_ProjectApp.swift; sourceTree = "<group>"; };
		85816E552A7972950063E652 /* Assets.xcassets */ = {isa = PBXFileReference; lastKnownFileType = folder.assetcatalog; path = Assets.xcassets; sourceTree = "<group>"; };
		85816E572A7972950063E652 /* MV_VisionPro.entitlements */ = {isa = PBXFileReference; lastKnownFileType = text.plist.entitlements; path = MV_VisionPro.entitlements; sourceTree = "<group>"; };
		85816E592A7972950063E652 /* Preview Assets.xcassets */ = {isa = PBXFileReference; lastKnownFileType = folder.assetcatalog; path = "Preview Assets.xcassets"; sourceTree = "<group>"; };
		85816E782A797ED90063E652 /* NetworkConstantsProtocol.swift */ = {isa = PBXFileReference; fileEncoding = 4; lastKnownFileType = sourcecode.swift; path = NetworkConstantsProtocol.swift; sourceTree = "<group>"; };
		85816E7A2A797ED90063E652 /* NetworkConstants.swift */ = {isa = PBXFileReference; fileEncoding = 4; lastKnownFileType = sourcecode.swift; path = NetworkConstants.swift; sourceTree = "<group>"; };
		8595B0102A993D6D004BFD95 /* WebViewWindow.swift */ = {isa = PBXFileReference; lastKnownFileType = sourcecode.swift; path = WebViewWindow.swift; sourceTree = "<group>"; };
		8595B0132A996CCF004BFD95 /* StatsView.swift */ = {isa = PBXFileReference; lastKnownFileType = sourcecode.swift; path = StatsView.swift; sourceTree = "<group>"; };
		8595B0152A9D7AC8004BFD95 /* DObject.swift */ = {isa = PBXFileReference; lastKnownFileType = sourcecode.swift; path = DObject.swift; sourceTree = "<group>"; };
		85B02D662A9E777000E7231A /* Brazil-T-Shirt.usdz */ = {isa = PBXFileReference; lastKnownFileType = file.usdz; path = "Brazil-T-Shirt.usdz"; sourceTree = "<group>"; };
		85B02D682A9E809F00E7231A /* ImmersiveView.swift */ = {isa = PBXFileReference; lastKnownFileType = sourcecode.swift; path = ImmersiveView.swift; sourceTree = "<group>"; };
		85D37F1A2A9F9F3D00F2D285 /* Golden_Trophy.usdz */ = {isa = PBXFileReference; lastKnownFileType = file.usdz; path = Golden_Trophy.usdz; sourceTree = "<group>"; };
		85D422532AA1089F006E79AE /* WindowModifier.swift */ = {isa = PBXFileReference; lastKnownFileType = sourcecode.swift; path = WindowModifier.swift; sourceTree = "<group>"; };
		85FD04842A9545520019D14E /* Info.plist */ = {isa = PBXFileReference; lastKnownFileType = text.plist; path = Info.plist; sourceTree = "<group>"; };
/* End PBXFileReference section */

/* Begin PBXFrameworksBuildPhase section */
		85816E4B2A7972940063E652 /* Frameworks */ = {
			isa = PBXFrameworksBuildPhase;
			buildActionMask = 2147483647;
			files = (
			);
			runOnlyForDeploymentPostprocessing = 0;
		};
/* End PBXFrameworksBuildPhase section */

/* Begin PBXGroup section */
		852E6E3C2A9ED914001199D6 /* Helpers */ = {
			isa = PBXGroup;
			children = (
				85D422532AA1089F006E79AE /* WindowModifier.swift */,
			);
			path = Helpers;
			sourceTree = "<group>";
		};
		85816E452A7972940063E652 = {
			isa = PBXGroup;
			children = (
				85816E502A7972940063E652 /* MV-VisionPro */,
				85816E4F2A7972940063E652 /* Products */,
			);
			sourceTree = "<group>";
		};
		85816E4F2A7972940063E652 /* Products */ = {
			isa = PBXGroup;
			children = (
				85816E4E2A7972940063E652 /* MV-VisionPro.app */,
			);
			name = Products;
			sourceTree = "<group>";
		};
		85816E502A7972940063E652 /* MV-VisionPro */ = {
			isa = PBXGroup;
			children = (
				852E6E3C2A9ED914001199D6 /* Helpers */,
				85FD04842A9545520019D14E /* Info.plist */,
				85816E772A797ED90063E652 /* Targets */,
				85816E642A7977A80063E652 /* Services */,
				85816E512A7972940063E652 /* MV_ProjectApp.swift */,
				85B02D652A9E775B00E7231A /* Resources */,
				85816E572A7972950063E652 /* MV_VisionPro.entitlements */,
				85816E582A7972950063E652 /* Preview Content */,
				8595B0122A996C63004BFD95 /* Web */,
				852E6E3A2A9ED617001199D6 /* Container.swift */,
			);
			path = "MV-VisionPro";
			sourceTree = "<group>";
		};
		85816E582A7972950063E652 /* Preview Content */ = {
			isa = PBXGroup;
			children = (
				85816E592A7972950063E652 /* Preview Assets.xcassets */,
			);
			path = "Preview Content";
			sourceTree = "<group>";
		};
		85816E642A7977A80063E652 /* Services */ = {
			isa = PBXGroup;
			children = (
			);
			path = Services;
			sourceTree = "<group>";
		};
		85816E772A797ED90063E652 /* Targets */ = {
			isa = PBXGroup;
			children = (
				85816E782A797ED90063E652 /* NetworkConstantsProtocol.swift */,
				85816E792A797ED90063E652 /* Debug */,
			);
			path = Targets;
			sourceTree = "<group>";
		};
		85816E792A797ED90063E652 /* Debug */ = {
			isa = PBXGroup;
			children = (
				85816E7A2A797ED90063E652 /* NetworkConstants.swift */,
			);
			path = Debug;
			sourceTree = "<group>";
		};
		8595B0122A996C63004BFD95 /* Web */ = {
			isa = PBXGroup;
			children = (
				8595B0102A993D6D004BFD95 /* WebViewWindow.swift */,
				8595B0132A996CCF004BFD95 /* StatsView.swift */,
				8595B0152A9D7AC8004BFD95 /* DObject.swift */,
				85B02D682A9E809F00E7231A /* ImmersiveView.swift */,
				852E6E3F2A9EE228001199D6 /* BottomCarousel.swift */,
			);
			path = Web;
			sourceTree = "<group>";
		};
		85B02D652A9E775B00E7231A /* Resources */ = {
			isa = PBXGroup;
			children = (
				85B02D662A9E777000E7231A /* Brazil-T-Shirt.usdz */,
				85D37F1A2A9F9F3D00F2D285 /* Golden_Trophy.usdz */,
				85816E552A7972950063E652 /* Assets.xcassets */,
			);
			path = Resources;
			sourceTree = "<group>";
		};
/* End PBXGroup section */

/* Begin PBXNativeTarget section */
		85816E4D2A7972940063E652 /* MV-VisionPro */ = {
			isa = PBXNativeTarget;
			buildConfigurationList = 85816E5D2A7972950063E652 /* Build configuration list for PBXNativeTarget "MV-VisionPro" */;
			buildPhases = (
				85816E4A2A7972940063E652 /* Sources */,
				85816E4B2A7972940063E652 /* Frameworks */,
				85816E4C2A7972940063E652 /* Resources */,
			);
			buildRules = (
			);
			dependencies = (
			);
			name = "MV-VisionPro";
			productName = "MV-Project";
			productReference = 85816E4E2A7972940063E652 /* MV-VisionPro.app */;
			productType = "com.apple.product-type.application";
		};
/* End PBXNativeTarget section */

/* Begin PBXProject section */
		85816E462A7972940063E652 /* Project object */ = {
			isa = PBXProject;
			attributes = {
				BuildIndependentTargetsInParallel = 1;
				LastSwiftUpdateCheck = 1430;
				LastUpgradeCheck = 1500;
				TargetAttributes = {
					85816E4D2A7972940063E652 = {
						CreatedOnToolsVersion = 14.3;
					};
				};
			};
			buildConfigurationList = 85816E492A7972940063E652 /* Build configuration list for PBXProject "MV-VisionPro" */;
			compatibilityVersion = "Xcode 14.0";
			developmentRegion = en;
			hasScannedForEncodings = 0;
			knownRegions = (
				en,
				Base,
			);
			mainGroup = 85816E452A7972940063E652;
			productRefGroup = 85816E4F2A7972940063E652 /* Products */;
			projectDirPath = "";
			projectRoot = "";
			targets = (
				85816E4D2A7972940063E652 /* MV-VisionPro */,
			);
		};
/* End PBXProject section */

/* Begin PBXResourcesBuildPhase section */
		85816E4C2A7972940063E652 /* Resources */ = {
			isa = PBXResourcesBuildPhase;
			buildActionMask = 2147483647;
			files = (
				85D37F1B2A9F9F3D00F2D285 /* Golden_Trophy.usdz in Resources */,
				85816E5A2A7972950063E652 /* Preview Assets.xcassets in Resources */,
				85B02D672A9E777000E7231A /* Brazil-T-Shirt.usdz in Resources */,
				85816E562A7972950063E652 /* Assets.xcassets in Resources */,
			);
			runOnlyForDeploymentPostprocessing = 0;
		};
/* End PBXResourcesBuildPhase section */

/* Begin PBXSourcesBuildPhase section */
		85816E4A2A7972940063E652 /* Sources */ = {
			isa = PBXSourcesBuildPhase;
			buildActionMask = 2147483647;
			files = (
				85816E7C2A797ED90063E652 /* NetworkConstants.swift in Sources */,
				852E6E402A9EE228001199D6 /* BottomCarousel.swift in Sources */,
				85D422542AA1089F006E79AE /* WindowModifier.swift in Sources */,
				852E6E3B2A9ED617001199D6 /* Container.swift in Sources */,
				8595B0112A993D6D004BFD95 /* WebViewWindow.swift in Sources */,
				8595B0142A996CCF004BFD95 /* StatsView.swift in Sources */,
				85816E7B2A797ED90063E652 /* NetworkConstantsProtocol.swift in Sources */,
				85816E522A7972940063E652 /* MV_ProjectApp.swift in Sources */,
				8595B0162A9D7AC8004BFD95 /* DObject.swift in Sources */,
				85B02D692A9E809F00E7231A /* ImmersiveView.swift in Sources */,
			);
			runOnlyForDeploymentPostprocessing = 0;
		};
/* End PBXSourcesBuildPhase section */

/* Begin XCBuildConfiguration section */
		85816E5B2A7972950063E652 /* Debug */ = {
			isa = XCBuildConfiguration;
			buildSettings = {
				ALWAYS_SEARCH_USER_PATHS = NO;
				CLANG_ANALYZER_NONNULL = YES;
				CLANG_ANALYZER_NUMBER_OBJECT_CONVERSION = YES_AGGRESSIVE;
				CLANG_CXX_LANGUAGE_STANDARD = "gnu++20";
				CLANG_ENABLE_MODULES = YES;
				CLANG_ENABLE_OBJC_ARC = YES;
				CLANG_ENABLE_OBJC_WEAK = YES;
				CLANG_WARN_BLOCK_CAPTURE_AUTORELEASING = YES;
				CLANG_WARN_BOOL_CONVERSION = YES;
				CLANG_WARN_COMMA = YES;
				CLANG_WARN_CONSTANT_CONVERSION = YES;
				CLANG_WARN_DEPRECATED_OBJC_IMPLEMENTATIONS = YES;
				CLANG_WARN_DIRECT_OBJC_ISA_USAGE = YES_ERROR;
				CLANG_WARN_DOCUMENTATION_COMMENTS = YES;
				CLANG_WARN_EMPTY_BODY = YES;
				CLANG_WARN_ENUM_CONVERSION = YES;
				CLANG_WARN_INFINITE_RECURSION = YES;
				CLANG_WARN_INT_CONVERSION = YES;
				CLANG_WARN_NON_LITERAL_NULL_CONVERSION = YES;
				CLANG_WARN_OBJC_IMPLICIT_RETAIN_SELF = YES;
				CLANG_WARN_OBJC_LITERAL_CONVERSION = YES;
				CLANG_WARN_OBJC_ROOT_CLASS = YES_ERROR;
				CLANG_WARN_QUOTED_INCLUDE_IN_FRAMEWORK_HEADER = YES;
				CLANG_WARN_RANGE_LOOP_ANALYSIS = YES;
				CLANG_WARN_STRICT_PROTOTYPES = YES;
				CLANG_WARN_SUSPICIOUS_MOVE = YES;
				CLANG_WARN_UNGUARDED_AVAILABILITY = YES_AGGRESSIVE;
				CLANG_WARN_UNREACHABLE_CODE = YES;
				CLANG_WARN__DUPLICATE_METHOD_MATCH = YES;
				COPY_PHASE_STRIP = NO;
				DEAD_CODE_STRIPPING = YES;
				DEBUG_INFORMATION_FORMAT = dwarf;
				ENABLE_STRICT_OBJC_MSGSEND = YES;
				ENABLE_TESTABILITY = YES;
				ENABLE_USER_SCRIPT_SANDBOXING = YES;
				GCC_C_LANGUAGE_STANDARD = gnu11;
				GCC_DYNAMIC_NO_PIC = NO;
				GCC_NO_COMMON_BLOCKS = YES;
				GCC_OPTIMIZATION_LEVEL = 0;
				GCC_PREPROCESSOR_DEFINITIONS = (
					"DEBUG=1",
					"$(inherited)",
				);
				GCC_WARN_64_TO_32_BIT_CONVERSION = YES;
				GCC_WARN_ABOUT_RETURN_TYPE = YES_ERROR;
				GCC_WARN_UNDECLARED_SELECTOR = YES;
				GCC_WARN_UNINITIALIZED_AUTOS = YES_AGGRESSIVE;
				GCC_WARN_UNUSED_FUNCTION = YES;
				GCC_WARN_UNUSED_VARIABLE = YES;
				INFOPLIST_KEY_UISupportedInterfaceOrientations_iPad = "";
				MTL_ENABLE_DEBUG_INFO = INCLUDE_SOURCE;
				MTL_FAST_MATH = YES;
				ONLY_ACTIVE_ARCH = YES;
				SWIFT_ACTIVE_COMPILATION_CONDITIONS = DEBUG;
				SWIFT_OPTIMIZATION_LEVEL = "-Onone";
			};
			name = Debug;
		};
		85816E5C2A7972950063E652 /* Release */ = {
			isa = XCBuildConfiguration;
			buildSettings = {
				ALWAYS_SEARCH_USER_PATHS = NO;
				CLANG_ANALYZER_NONNULL = YES;
				CLANG_ANALYZER_NUMBER_OBJECT_CONVERSION = YES_AGGRESSIVE;
				CLANG_CXX_LANGUAGE_STANDARD = "gnu++20";
				CLANG_ENABLE_MODULES = YES;
				CLANG_ENABLE_OBJC_ARC = YES;
				CLANG_ENABLE_OBJC_WEAK = YES;
				CLANG_WARN_BLOCK_CAPTURE_AUTORELEASING = YES;
				CLANG_WARN_BOOL_CONVERSION = YES;
				CLANG_WARN_COMMA = YES;
				CLANG_WARN_CONSTANT_CONVERSION = YES;
				CLANG_WARN_DEPRECATED_OBJC_IMPLEMENTATIONS = YES;
				CLANG_WARN_DIRECT_OBJC_ISA_USAGE = YES_ERROR;
				CLANG_WARN_DOCUMENTATION_COMMENTS = YES;
				CLANG_WARN_EMPTY_BODY = YES;
				CLANG_WARN_ENUM_CONVERSION = YES;
				CLANG_WARN_INFINITE_RECURSION = YES;
				CLANG_WARN_INT_CONVERSION = YES;
				CLANG_WARN_NON_LITERAL_NULL_CONVERSION = YES;
				CLANG_WARN_OBJC_IMPLICIT_RETAIN_SELF = YES;
				CLANG_WARN_OBJC_LITERAL_CONVERSION = YES;
				CLANG_WARN_OBJC_ROOT_CLASS = YES_ERROR;
				CLANG_WARN_QUOTED_INCLUDE_IN_FRAMEWORK_HEADER = YES;
				CLANG_WARN_RANGE_LOOP_ANALYSIS = YES;
				CLANG_WARN_STRICT_PROTOTYPES = YES;
				CLANG_WARN_SUSPICIOUS_MOVE = YES;
				CLANG_WARN_UNGUARDED_AVAILABILITY = YES_AGGRESSIVE;
				CLANG_WARN_UNREACHABLE_CODE = YES;
				CLANG_WARN__DUPLICATE_METHOD_MATCH = YES;
				COPY_PHASE_STRIP = NO;
				DEAD_CODE_STRIPPING = YES;
				DEBUG_INFORMATION_FORMAT = "dwarf-with-dsym";
				ENABLE_NS_ASSERTIONS = NO;
				ENABLE_STRICT_OBJC_MSGSEND = YES;
				ENABLE_USER_SCRIPT_SANDBOXING = YES;
				GCC_C_LANGUAGE_STANDARD = gnu11;
				GCC_NO_COMMON_BLOCKS = YES;
				GCC_WARN_64_TO_32_BIT_CONVERSION = YES;
				GCC_WARN_ABOUT_RETURN_TYPE = YES_ERROR;
				GCC_WARN_UNDECLARED_SELECTOR = YES;
				GCC_WARN_UNINITIALIZED_AUTOS = YES_AGGRESSIVE;
				GCC_WARN_UNUSED_FUNCTION = YES;
				GCC_WARN_UNUSED_VARIABLE = YES;
				INFOPLIST_KEY_UISupportedInterfaceOrientations_iPad = "";
				MTL_ENABLE_DEBUG_INFO = NO;
				MTL_FAST_MATH = YES;
				SWIFT_COMPILATION_MODE = wholemodule;
				SWIFT_OPTIMIZATION_LEVEL = "-O";
			};
			name = Release;
		};
		85816E5E2A7972950063E652 /* Debug */ = {
			isa = XCBuildConfiguration;
			buildSettings = {
				ASSETCATALOG_COMPILER_APPICON_NAME = AppIcon;
				ASSETCATALOG_COMPILER_GLOBAL_ACCENT_COLOR_NAME = AccentColor;
				CODE_SIGN_ENTITLEMENTS = "MV-VisionPro/MV_VisionPro.entitlements";
				CODE_SIGN_STYLE = Automatic;
				CURRENT_PROJECT_VERSION = 1;
				DEAD_CODE_STRIPPING = YES;
				DEVELOPMENT_ASSET_PATHS = "\"MV-VisionPro/Preview Content\"";
				DEVELOPMENT_TEAM = 8F6HAN5RK7;
				ENABLE_PREVIEWS = YES;
				GENERATE_INFOPLIST_FILE = YES;
				INFOPLIST_FILE = "MV-VisionPro/Info.plist";
				INFOPLIST_KEY_UIApplicationSceneManifest_Generation = YES;
				"INFOPLIST_KEY_UIApplicationSceneManifest_Generation[sdk=iphoneos*]" = YES;
				"INFOPLIST_KEY_UIApplicationSceneManifest_Generation[sdk=iphonesimulator*]" = YES;
				"INFOPLIST_KEY_UIApplicationSupportsIndirectInputEvents[sdk=iphoneos*]" = YES;
				"INFOPLIST_KEY_UIApplicationSupportsIndirectInputEvents[sdk=iphonesimulator*]" = YES;
				"INFOPLIST_KEY_UILaunchScreen_Generation[sdk=iphoneos*]" = YES;
				"INFOPLIST_KEY_UILaunchScreen_Generation[sdk=iphonesimulator*]" = YES;
				"INFOPLIST_KEY_UIStatusBarStyle[sdk=iphoneos*]" = UIStatusBarStyleDefault;
				"INFOPLIST_KEY_UIStatusBarStyle[sdk=iphonesimulator*]" = UIStatusBarStyleDefault;
				INFOPLIST_KEY_UISupportedInterfaceOrientations_iPad = "UIInterfaceOrientationPortrait UIInterfaceOrientationPortraitUpsideDown UIInterfaceOrientationLandscapeLeft UIInterfaceOrientationLandscapeRight";
				INFOPLIST_KEY_UISupportedInterfaceOrientations_iPhone = "UIInterfaceOrientationPortrait UIInterfaceOrientationLandscapeLeft UIInterfaceOrientationLandscapeRight";
				IPHONEOS_DEPLOYMENT_TARGET = 16.4;
				LD_RUNPATH_SEARCH_PATHS = "@executable_path/Frameworks";
				"LD_RUNPATH_SEARCH_PATHS[sdk=macosx*]" = "$(inherited)";
				MACOSX_DEPLOYMENT_TARGET = 13.2;
				MARKETING_VERSION = 1.0;
				PRODUCT_BUNDLE_IDENTIFIER = "com.DC.MV-VisionPro";
				PRODUCT_NAME = "$(TARGET_NAME)";
				SDKROOT = auto;
				SUPPORTED_PLATFORMS = "iphoneos iphonesimulator xros xrsimulator";
				SUPPORTS_MACCATALYST = NO;
				SUPPORTS_XR_DESIGNED_FOR_IPHONE_IPAD = NO;
				SWIFT_EMIT_LOC_STRINGS = YES;
				SWIFT_VERSION = 5.0;
				TARGETED_DEVICE_FAMILY = "1,2,7";
			};
			name = Debug;
		};
		85816E5F2A7972950063E652 /* Release */ = {
			isa = XCBuildConfiguration;
			buildSettings = {
				ASSETCATALOG_COMPILER_APPICON_NAME = AppIcon;
				ASSETCATALOG_COMPILER_GLOBAL_ACCENT_COLOR_NAME = AccentColor;
				CODE_SIGN_ENTITLEMENTS = "MV-VisionPro/MV_VisionPro.entitlements";
				CODE_SIGN_STYLE = Automatic;
				CURRENT_PROJECT_VERSION = 1;
				DEAD_CODE_STRIPPING = YES;
				DEVELOPMENT_ASSET_PATHS = "\"MV-VisionPro/Preview Content\"";
				DEVELOPMENT_TEAM = 8F6HAN5RK7;
				ENABLE_PREVIEWS = YES;
				GENERATE_INFOPLIST_FILE = YES;
				INFOPLIST_FILE = "MV-VisionPro/Info.plist";
				INFOPLIST_KEY_UIApplicationSceneManifest_Generation = YES;
				"INFOPLIST_KEY_UIApplicationSceneManifest_Generation[sdk=iphoneos*]" = YES;
				"INFOPLIST_KEY_UIApplicationSceneManifest_Generation[sdk=iphonesimulator*]" = YES;
				"INFOPLIST_KEY_UIApplicationSupportsIndirectInputEvents[sdk=iphoneos*]" = YES;
				"INFOPLIST_KEY_UIApplicationSupportsIndirectInputEvents[sdk=iphonesimulator*]" = YES;
				"INFOPLIST_KEY_UILaunchScreen_Generation[sdk=iphoneos*]" = YES;
				"INFOPLIST_KEY_UILaunchScreen_Generation[sdk=iphonesimulator*]" = YES;
				"INFOPLIST_KEY_UIStatusBarStyle[sdk=iphoneos*]" = UIStatusBarStyleDefault;
				"INFOPLIST_KEY_UIStatusBarStyle[sdk=iphonesimulator*]" = UIStatusBarStyleDefault;
				INFOPLIST_KEY_UISupportedInterfaceOrientations_iPad = "UIInterfaceOrientationPortrait UIInterfaceOrientationPortraitUpsideDown UIInterfaceOrientationLandscapeLeft UIInterfaceOrientationLandscapeRight";
				INFOPLIST_KEY_UISupportedInterfaceOrientations_iPhone = "UIInterfaceOrientationPortrait UIInterfaceOrientationLandscapeLeft UIInterfaceOrientationLandscapeRight";
				IPHONEOS_DEPLOYMENT_TARGET = 16.4;
				LD_RUNPATH_SEARCH_PATHS = "@executable_path/Frameworks";
				"LD_RUNPATH_SEARCH_PATHS[sdk=macosx*]" = "$(inherited)";
				MACOSX_DEPLOYMENT_TARGET = 13.2;
				MARKETING_VERSION = 1.0;
				PRODUCT_BUNDLE_IDENTIFIER = "com.DC.MV-VisionPro";
				PRODUCT_NAME = "$(TARGET_NAME)";
				SDKROOT = auto;
				SUPPORTED_PLATFORMS = "iphoneos iphonesimulator xros xrsimulator";
				SUPPORTS_MACCATALYST = NO;
				SUPPORTS_XR_DESIGNED_FOR_IPHONE_IPAD = NO;
				SWIFT_EMIT_LOC_STRINGS = YES;
				SWIFT_VERSION = 5.0;
				TARGETED_DEVICE_FAMILY = "1,2,7";
			};
			name = Release;
		};
/* End XCBuildConfiguration section */

/* Begin XCConfigurationList section */
		85816E492A7972940063E652 /* Build configuration list for PBXProject "MV-VisionPro" */ = {
			isa = XCConfigurationList;
			buildConfigurations = (
				85816E5B2A7972950063E652 /* Debug */,
				85816E5C2A7972950063E652 /* Release */,
			);
			defaultConfigurationIsVisible = 0;
			defaultConfigurationName = Release;
		};
		85816E5D2A7972950063E652 /* Build configuration list for PBXNativeTarget "MV-VisionPro" */ = {
			isa = XCConfigurationList;
			buildConfigurations = (
				85816E5E2A7972950063E652 /* Debug */,
				85816E5F2A7972950063E652 /* Release */,
			);
			defaultConfigurationIsVisible = 0;
			defaultConfigurationName = Release;
		};
/* End XCConfigurationList section */
	};
	rootObject = 85816E462A7972940063E652 /* Project object */;
}
